
Microsoft Visual Studio Solution File, Format Version 12.00
# Visual Studio Version 16
VisualStudioVersion = 16.0.31424.327
MinimumVisualStudioVersion = 10.0.40219.1
Project("{FAE04EC0-301F-11D3-BF4B-00C04F79EFBC}") = "WindowsFormsApp1", "WindowsFormsApp1\WindowsFormsApp1.csproj", "{5FB4A6BA-BC66-4B80-8CDA-5B1C06354F3F}"
EndProject
Global
	GlobalSection(SolutionConfigurationPlatforms) = preSolution
		Debug|Any CPU = Debug|Any CPU
		Release|Any CPU = Release|Any CPU
	EndGlobalSection
	GlobalSection(ProjectConfigurationPlatforms) = postSolution
		{5FB4A6BA-BC66-4B80-8CDA-5B1C06354F3F}.Debug|Any CPU.ActiveCfg = Debug|Any CPU
		{5FB4A6BA-BC66-4B80-8CDA-5B1C06354F3F}.Debug|Any CPU.Build.0 = Debug|Any CPU
		{5FB4A6BA-BC66-4B80-8CDA-5B1C06354F3F}.Release|Any CPU.ActiveCfg = Release|Any CPU
		{5FB4A6BA-BC66-4B80-8CDA-5B1C06354F3F}.Release|Any CPU.Build.0 = Release|Any CPU
	EndGlobalSection
	GlobalSection(SolutionProperties) = preSolution
		HideSolutionNode = FALSE
	EndGlobalSection
	GlobalSection(ExtensibilityGlobals) = postSolution
		SolutionGuid = {F70DB528-12CC-4645-AFDB-39C15C7CFA24}
	EndGlobalSection
EndGlobal
